// !$*UTF8*$!
{
	archiveVersion = 1;
	classes = {
	};
	objectVersion = 56;
	objects = {

/* Begin PBXBuildFile section */
		30D3338F2BE7D3E8009B31A4 /* CryptoCrazySUIApp.swift in Sources */ = {isa = PBXBuildFile; fileRef = 30D3338E2BE7D3E8009B31A4 /* CryptoCrazySUIApp.swift */; };
		30D333912BE7D3E8009B31A4 /* MainView.swift in Sources */ = {isa = PBXBuildFile; fileRef = 30D333902BE7D3E8009B31A4 /* MainView.swift */; };
		30D333932BE7D3E9009B31A4 /* Assets.xcassets in Resources */ = {isa = PBXBuildFile; fileRef = 30D333922BE7D3E9009B31A4 /* Assets.xcassets */; };
		30D333962BE7D3E9009B31A4 /* Preview Assets.xcassets in Resources */ = {isa = PBXBuildFile; fileRef = 30D333952BE7D3E9009B31A4 /* Preview Assets.xcassets */; };
		30D333A12BE7D7EA009B31A4 /* CryptoCurrency.swift in Sources */ = {isa = PBXBuildFile; fileRef = 30D333A02BE7D7EA009B31A4 /* CryptoCurrency.swift */; };
		30D333A32BE7DA3F009B31A4 /* Webservice.swift in Sources */ = {isa = PBXBuildFile; fileRef = 30D333A22BE7DA3F009B31A4 /* Webservice.swift */; };
		30D333A52BE7DC6B009B31A4 /* CryptoViewModel.swift in Sources */ = {isa = PBXBuildFile; fileRef = 30D333A42BE7DC6B009B31A4 /* CryptoViewModel.swift */; };
/* End PBXBuildFile section */

/* Begin PBXFileReference section */
		30D3338B2BE7D3E8009B31A4 /* CryptoCrazySUI.app */ = {isa = PBXFileReference; explicitFileType = wrapper.application; includeInIndex = 0; path = CryptoCrazySUI.app; sourceTree = BUILT_PRODUCTS_DIR; };
		30D3338E2BE7D3E8009B31A4 /* CryptoCrazySUIApp.swift */ = {isa = PBXFileReference; lastKnownFileType = sourcecode.swift; path = CryptoCrazySUIApp.swift; sourceTree = "<group>"; };
		30D333902BE7D3E8009B31A4 /* MainView.swift */ = {isa = PBXFileReference; lastKnownFileType = sourcecode.swift; path = MainView.swift; sourceTree = "<group>"; };
		30D333922BE7D3E9009B31A4 /* Assets.xcassets */ = {isa = PBXFileReference; lastKnownFileType = folder.assetcatalog; path = Assets.xcassets; sourceTree = "<group>"; };
		30D333952BE7D3E9009B31A4 /* Preview Assets.xcassets */ = {isa = PBXFileReference; lastKnownFileType = folder.assetcatalog; path = "Preview Assets.xcassets"; sourceTree = "<group>"; };
		30D333A02BE7D7EA009B31A4 /* CryptoCurrency.swift */ = {isa = PBXFileReference; lastKnownFileType = sourcecode.swift; path = CryptoCurrency.swift; sourceTree = "<group>"; };
		30D333A22BE7DA3F009B31A4 /* Webservice.swift */ = {isa = PBXFileReference; lastKnownFileType = sourcecode.swift; path = Webservice.swift; sourceTree = "<group>"; };
		30D333A42BE7DC6B009B31A4 /* CryptoViewModel.swift */ = {isa = PBXFileReference; lastKnownFileType = sourcecode.swift; path = CryptoViewModel.swift; sourceTree = "<group>"; };
/* End PBXFileReference section */

/* Begin PBXFrameworksBuildPhase section */
		30D333882BE7D3E8009B31A4 /* Frameworks */ = {
			isa = PBXFrameworksBuildPhase;
			buildActionMask = 2147483647;
			files = (
			);
			runOnlyForDeploymentPostprocessing = 0;
		};
/* End PBXFrameworksBuildPhase section */

/* Begin PBXGroup section */
		30D333822BE7D3E8009B31A4 = {
			isa = PBXGroup;
			children = (
				30D3338D2BE7D3E8009B31A4 /* CryptoCrazySUI */,
				30D3338C2BE7D3E8009B31A4 /* Products */,
			);
			sourceTree = "<group>";
		};
		30D3338C2BE7D3E8009B31A4 /* Products */ = {
			isa = PBXGroup;
			children = (
				30D3338B2BE7D3E8009B31A4 /* CryptoCrazySUI.app */,
			);
			name = Products;
			sourceTree = "<group>";
		};
		30D3338D2BE7D3E8009B31A4 /* CryptoCrazySUI */ = {
			isa = PBXGroup;
			children = (
				30D3339F2BE7D68B009B31A4 /* Service */,
				30D3339E2BE7D678009B31A4 /* ViewModel */,
				30D3339D2BE7D66F009B31A4 /* View */,
				30D3339C2BE7D667009B31A4 /* Model */,
				30D3338E2BE7D3E8009B31A4 /* CryptoCrazySUIApp.swift */,
				30D333922BE7D3E9009B31A4 /* Assets.xcassets */,
				30D333942BE7D3E9009B31A4 /* Preview Content */,
			);
			path = CryptoCrazySUI;
			sourceTree = "<group>";
		};
		30D333942BE7D3E9009B31A4 /* Preview Content */ = {
			isa = PBXGroup;
			children = (
				30D333952BE7D3E9009B31A4 /* Preview Assets.xcassets */,
			);
			path = "Preview Content";
			sourceTree = "<group>";
		};
		30D3339C2BE7D667009B31A4 /* Model */ = {
			isa = PBXGroup;
			children = (
				30D333A02BE7D7EA009B31A4 /* CryptoCurrency.swift */,
			);
			path = Model;
			sourceTree = "<group>";
		};
		30D3339D2BE7D66F009B31A4 /* View */ = {
			isa = PBXGroup;
			children = (
				30D333902BE7D3E8009B31A4 /* MainView.swift */,
			);
			path = View;
			sourceTree = "<group>";
		};
		30D3339E2BE7D678009B31A4 /* ViewModel */ = {
			isa = PBXGroup;
			children = (
				30D333A42BE7DC6B009B31A4 /* CryptoViewModel.swift */,
			);
			path = ViewModel;
			sourceTree = "<group>";
		};
		30D3339F2BE7D68B009B31A4 /* Service */ = {
			isa = PBXGroup;
			children = (
				30D333A22BE7DA3F009B31A4 /* Webservice.swift */,
			);
			path = Service;
			sourceTree = "<group>";
		};
/* End PBXGroup section */

/* Begin PBXNativeTarget section */
		30D3338A2BE7D3E8009B31A4 /* CryptoCrazySUI */ = {
			isa = PBXNativeTarget;
			buildConfigurationList = 30D333992BE7D3E9009B31A4 /* Build configuration list for PBXNativeTarget "CryptoCrazySUI" */;
			buildPhases = (
				30D333872BE7D3E8009B31A4 /* Sources */,
				30D333882BE7D3E8009B31A4 /* Frameworks */,
				30D333892BE7D3E8009B31A4 /* Resources */,
			);
			buildRules = (
			);
			dependencies = (
			);
			name = CryptoCrazySUI;
			productName = CryptoCrazySUI;
			productReference = 30D3338B2BE7D3E8009B31A4 /* CryptoCrazySUI.app */;
			productType = "com.apple.product-type.application";
		};
/* End PBXNativeTarget section */

/* Begin PBXProject section */
		30D333832BE7D3E8009B31A4 /* Project object */ = {
			isa = PBXProject;
			attributes = {
				BuildIndependentTargetsInParallel = 1;
				LastSwiftUpdateCheck = 1430;
				LastUpgradeCheck = 1430;
				TargetAttributes = {
					30D3338A2BE7D3E8009B31A4 = {
						CreatedOnToolsVersion = 14.3.1;
					};
				};
			};
			buildConfigurationList = 30D333862BE7D3E8009B31A4 /* Build configuration list for PBXProject "CryptoCrazySUI" */;
			compatibilityVersion = "Xcode 14.0";
			developmentRegion = en;
			hasScannedForEncodings = 0;
			knownRegions = (
				en,
				Base,
			);
			mainGroup = 30D333822BE7D3E8009B31A4;
			productRefGroup = 30D3338C2BE7D3E8009B31A4 /* Products */;
			projectDirPath = "";
			projectRoot = "";
			targets = (
				30D3338A2BE7D3E8009B31A4 /* CryptoCrazySUI */,
			);
		};
/* End PBXProject section */

/* Begin PBXResourcesBuildPhase section */
		30D333892BE7D3E8009B31A4 /* Resources */ = {
			isa = PBXResourcesBuildPhase;
			buildActionMask = 2147483647;
			files = (
				30D333962BE7D3E9009B31A4 /* Preview Assets.xcassets in Resources */,
				30D333932BE7D3E9009B31A4 /* Assets.xcassets in Resources */,
			);
			runOnlyForDeploymentPostprocessing = 0;
		};
/* End PBXResourcesBuildPhase section */

/* Begin PBXSourcesBuildPhase section */
		30D333872BE7D3E8009B31A4 /* Sources */ = {
			isa = PBXSourcesBuildPhase;
			buildActionMask = 2147483647;
			files = (
				30D333912BE7D3E8009B31A4 /* MainView.swift in Sources */,
				30D333A12BE7D7EA009B31A4 /* CryptoCurrency.swift in Sources */,
				30D333A32BE7DA3F009B31A4 /* Webservice.swift in Sources */,
				30D3338F2BE7D3E8009B31A4 /* CryptoCrazySUIApp.swift in Sources */,
				30D333A52BE7DC6B009B31A4 /* CryptoViewModel.swift in Sources */,
			);
			runOnlyForDeploymentPostprocessing = 0;
		};
/* End PBXSourcesBuildPhase section */

/* Begin XCBuildConfiguration section */
		30D333972BE7D3E9009B31A4 /* Debug */ = {
			isa = XCBuildConfiguration;
			buildSettings = {
				ALWAYS_SEARCH_USER_PATHS = NO;
				CLANG_ANALYZER_NONNULL = YES;
				CLANG_ANALYZER_NUMBER_OBJECT_CONVERSION = YES_AGGRESSIVE;
				CLANG_CXX_LANGUAGE_STANDARD = "gnu++20";
				CLANG_ENABLE_MODULES = YES;
				CLANG_ENABLE_OBJC_ARC = YES;
				CLANG_ENABLE_OBJC_WEAK = YES;
				CLANG_WARN_BLOCK_CAPTURE_AUTORELEASING = YES;
				CLANG_WARN_BOOL_CONVERSION = YES;
				CLANG_WARN_COMMA = YES;
				CLANG_WARN_CONSTANT_CONVERSION = YES;
				CLANG_WARN_DEPRECATED_OBJC_IMPLEMENTATIONS = YES;
				CLANG_WARN_DIRECT_OBJC_ISA_USAGE = YES_ERROR;
				CLANG_WARN_DOCUMENTATION_COMMENTS = YES;
				CLANG_WARN_EMPTY_BODY = YES;
				CLANG_WARN_ENUM_CONVERSION = YES;
				CLANG_WARN_INFINITE_RECURSION = YES;
				CLANG_WARN_INT_CONVERSION = YES;
				CLANG_WARN_NON_LITERAL_NULL_CONVERSION = YES;
				CLANG_WARN_OBJC_IMPLICIT_RETAIN_SELF = YES;
				CLANG_WARN_OBJC_LITERAL_CONVERSION = YES;
				CLANG_WARN_OBJC_ROOT_CLASS = YES_ERROR;
				CLANG_WARN_QUOTED_INCLUDE_IN_FRAMEWORK_HEADER = YES;
				CLANG_WARN_RANGE_LOOP_ANALYSIS = YES;
				CLANG_WARN_STRICT_PROTOTYPES = YES;
				CLANG_WARN_SUSPICIOUS_MOVE = YES;
				CLANG_WARN_UNGUARDED_AVAILABILITY = YES_AGGRESSIVE;
				CLANG_WARN_UNREACHABLE_CODE = YES;
				CLANG_WARN__DUPLICATE_METHOD_MATCH = YES;
				COPY_PHASE_STRIP = NO;
				DEBUG_INFORMATION_FORMAT = dwarf;
				ENABLE_STRICT_OBJC_MSGSEND = YES;
				ENABLE_TESTABILITY = YES;
				GCC_C_LANGUAGE_STANDARD = gnu11;
				GCC_DYNAMIC_NO_PIC = NO;
				GCC_NO_COMMON_BLOCKS = YES;
				GCC_OPTIMIZATION_LEVEL = 0;
				GCC_PREPROCESSOR_DEFINITIONS = (
					"DEBUG=1",
					"$(inherited)",
				);
				GCC_WARN_64_TO_32_BIT_CONVERSION = YES;
				GCC_WARN_ABOUT_RETURN_TYPE = YES_ERROR;
				GCC_WARN_UNDECLARED_SELECTOR = YES;
				GCC_WARN_UNINITIALIZED_AUTOS = YES_AGGRESSIVE;
				GCC_WARN_UNUSED_FUNCTION = YES;
				GCC_WARN_UNUSED_VARIABLE = YES;
				IPHONEOS_DEPLOYMENT_TARGET = 16.4;
				MTL_ENABLE_DEBUG_INFO = INCLUDE_SOURCE;
				MTL_FAST_MATH = YES;
				ONLY_ACTIVE_ARCH = YES;
				SDKROOT = iphoneos;
				SWIFT_ACTIVE_COMPILATION_CONDITIONS = DEBUG;
				SWIFT_OPTIMIZATION_LEVEL = "-Onone";
			};
			name = Debug;
		};
		30D333982BE7D3E9009B31A4 /* Release */ = {
			isa = XCBuildConfiguration;
			buildSettings = {
				ALWAYS_SEARCH_USER_PATHS = NO;
				CLANG_ANALYZER_NONNULL = YES;
				CLANG_ANALYZER_NUMBER_OBJECT_CONVERSION = YES_AGGRESSIVE;
				CLANG_CXX_LANGUAGE_STANDARD = "gnu++20";
				CLANG_ENABLE_MODULES = YES;
				CLANG_ENABLE_OBJC_ARC = YES;
				CLANG_ENABLE_OBJC_WEAK = YES;
				CLANG_WARN_BLOCK_CAPTURE_AUTORELEASING = YES;
				CLANG_WARN_BOOL_CONVERSION = YES;
				CLANG_WARN_COMMA = YES;
				CLANG_WARN_CONSTANT_CONVERSION = YES;
				CLANG_WARN_DEPRECATED_OBJC_IMPLEMENTATIONS = YES;
				CLANG_WARN_DIRECT_OBJC_ISA_USAGE = YES_ERROR;
				CLANG_WARN_DOCUMENTATION_COMMENTS = YES;
				CLANG_WARN_EMPTY_BODY = YES;
				CLANG_WARN_ENUM_CONVERSION = YES;
				CLANG_WARN_INFINITE_RECURSION = YES;
				CLANG_WARN_INT_CONVERSION = YES;
				CLANG_WARN_NON_LITERAL_NULL_CONVERSION = YES;
				CLANG_WARN_OBJC_IMPLICIT_RETAIN_SELF = YES;
				CLANG_WARN_OBJC_LITERAL_CONVERSION = YES;
				CLANG_WARN_OBJC_ROOT_CLASS = YES_ERROR;
				CLANG_WARN_QUOTED_INCLUDE_IN_FRAMEWORK_HEADER = YES;
				CLANG_WARN_RANGE_LOOP_ANALYSIS = YES;
				CLANG_WARN_STRICT_PROTOTYPES = YES;
				CLANG_WARN_SUSPICIOUS_MOVE = YES;
				CLANG_WARN_UNGUARDED_AVAILABILITY = YES_AGGRESSIVE;
				CLANG_WARN_UNREACHABLE_CODE = YES;
				CLANG_WARN__DUPLICATE_METHOD_MATCH = YES;
				COPY_PHASE_STRIP = NO;
				DEBUG_INFORMATION_FORMAT = "dwarf-with-dsym";
				ENABLE_NS_ASSERTIONS = NO;
				ENABLE_STRICT_OBJC_MSGSEND = YES;
				GCC_C_LANGUAGE_STANDARD = gnu11;
				GCC_NO_COMMON_BLOCKS = YES;
				GCC_WARN_64_TO_32_BIT_CONVERSION = YES;
				GCC_WARN_ABOUT_RETURN_TYPE = YES_ERROR;
				GCC_WARN_UNDECLARED_SELECTOR = YES;
				GCC_WARN_UNINITIALIZED_AUTOS = YES_AGGRESSIVE;
				GCC_WARN_UNUSED_FUNCTION = YES;
				GCC_WARN_UNUSED_VARIABLE = YES;
				IPHONEOS_DEPLOYMENT_TARGET = 16.4;
				MTL_ENABLE_DEBUG_INFO = NO;
				MTL_FAST_MATH = YES;
				SDKROOT = iphoneos;
				SWIFT_COMPILATION_MODE = wholemodule;
				SWIFT_OPTIMIZATION_LEVEL = "-O";
				VALIDATE_PRODUCT = YES;
			};
			name = Release;
		};
		30D3339A2BE7D3E9009B31A4 /* Debug */ = {
			isa = XCBuildConfiguration;
			buildSettings = {
				ASSETCATALOG_COMPILER_APPICON_NAME = AppIcon;
				ASSETCATALOG_COMPILER_GLOBAL_ACCENT_COLOR_NAME = AccentColor;
				CODE_SIGN_STYLE = Automatic;
				CURRENT_PROJECT_VERSION = 1;
				DEVELOPMENT_ASSET_PATHS = "\"CryptoCrazySUI/Preview Content\"";
				ENABLE_PREVIEWS = YES;
				GENERATE_INFOPLIST_FILE = YES;
				INFOPLIST_KEY_UIApplicationSceneManifest_Generation = YES;
				INFOPLIST_KEY_UIApplicationSupportsIndirectInputEvents = YES;
				INFOPLIST_KEY_UILaunchScreen_Generation = YES;
				INFOPLIST_KEY_UISupportedInterfaceOrientations_iPad = "UIInterfaceOrientationPortrait UIInterfaceOrientationPortraitUpsideDown UIInterfaceOrientationLandscapeLeft UIInterfaceOrientationLandscapeRight";
				INFOPLIST_KEY_UISupportedInterfaceOrientations_iPhone = "UIInterfaceOrientationPortrait UIInterfaceOrientationLandscapeLeft UIInterfaceOrientationLandscapeRight";
				LD_RUNPATH_SEARCH_PATHS = (
					"$(inherited)",
					"@executable_path/Frameworks",
				);
				MARKETING_VERSION = 1.0;
				PRODUCT_BUNDLE_IDENTIFIER = com.nurgulergunoz.CryptoCrazySUI;
				PRODUCT_NAME = "$(TARGET_NAME)";
				SWIFT_EMIT_LOC_STRINGS = YES;
				SWIFT_VERSION = 5.0;
				TARGETED_DEVICE_FAMILY = "1,2";
			};
			name = Debug;
		};
		30D3339B2BE7D3E9009B31A4 /* Release */ = {
			isa = XCBuildConfiguration;
			buildSettings = {
				ASSETCATALOG_COMPILER_APPICON_NAME = AppIcon;
				ASSETCATALOG_COMPILER_GLOBAL_ACCENT_COLOR_NAME = AccentColor;
				CODE_SIGN_STYLE = Automatic;
				CURRENT_PROJECT_VERSION = 1;
				DEVELOPMENT_ASSET_PATHS = "\"CryptoCrazySUI/Preview Content\"";
				ENABLE_PREVIEWS = YES;
				GENERATE_INFOPLIST_FILE = YES;
				INFOPLIST_KEY_UIApplicationSceneManifest_Generation = YES;
				INFOPLIST_KEY_UIApplicationSupportsIndirectInputEvents = YES;
				INFOPLIST_KEY_UILaunchScreen_Generation = YES;
				INFOPLIST_KEY_UISupportedInterfaceOrientations_iPad = "UIInterfaceOrientationPortrait UIInterfaceOrientationPortraitUpsideDown UIInterfaceOrientationLandscapeLeft UIInterfaceOrientationLandscapeRight";
				INFOPLIST_KEY_UISupportedInterfaceOrientations_iPhone = "UIInterfaceOrientationPortrait UIInterfaceOrientationLandscapeLeft UIInterfaceOrientationLandscapeRight";
				LD_RUNPATH_SEARCH_PATHS = (
					"$(inherited)",
					"@executable_path/Frameworks",
				);
				MARKETING_VERSION = 1.0;
				PRODUCT_BUNDLE_IDENTIFIER = com.nurgulergunoz.CryptoCrazySUI;
				PRODUCT_NAME = "$(TARGET_NAME)";
				SWIFT_EMIT_LOC_STRINGS = YES;
				SWIFT_VERSION = 5.0;
				TARGETED_DEVICE_FAMILY = "1,2";
			};
			name = Release;
		};
/* End XCBuildConfiguration section */

/* Begin XCConfigurationList section */
		30D333862BE7D3E8009B31A4 /* Build configuration list for PBXProject "CryptoCrazySUI" */ = {
			isa = XCConfigurationList;
			buildConfigurations = (
				30D333972BE7D3E9009B31A4 /* Debug */,
				30D333982BE7D3E9009B31A4 /* Release */,
			);
			defaultConfigurationIsVisible = 0;
			defaultConfigurationName = Release;
		};
		30D333992BE7D3E9009B31A4 /* Build configuration list for PBXNativeTarget "CryptoCrazySUI" */ = {
			isa = XCConfigurationList;
			buildConfigurations = (
				30D3339A2BE7D3E9009B31A4 /* Debug */,
				30D3339B2BE7D3E9009B31A4 /* Release */,
			);
			defaultConfigurationIsVisible = 0;
			defaultConfigurationName = Release;
		};
/* End XCConfigurationList section */
	};
	rootObject = 30D333832BE7D3E8009B31A4 /* Project object */;
}
